<?xml version="1.0" encoding="UTF-8" standalone="yes" ?>
<CodeBlocks_project_file>
   <FileVersion major="1" minor="6" />
   <Project>
      <Option title="NomApp" />
      <Option makefile_is_custom="1" />
      <Option compiler="gcc" />
      <Option virtualFolders="CMake Files\;CMake Files\..\;CMake Files\..\..\;CMake Files\..\..\..\;CMake Files\..\..\..\..\;CMake Files\..\..\..\..\..\;CMake Files\..\..\..\..\..\..\;CMake Files\..\..\..\..\..\..\..\;CMake Files\..\..\..\..\..\..\..\..\;CMake Files\..\..\..\..\..\..\..\..\..\;CMake Files\..\..\..\..\..\..\..\..\..\usr\;CMake Files\..\..\..\..\..\..\..\..\..\usr\lib\;CMake Files\..\..\..\..\..\..\..\..\..\usr\lib\x86_64-linux-gnu\;CMake Files\..\..\..\..\..\..\..\..\..\usr\lib\x86_64-linux-gnu\cmake\;CMake Files\..\..\..\..\..\..\..\..\..\usr\lib\x86_64-linux-gnu\cmake\Qt5Widgets\;CMake Files\..\..\..\..\..\..\..\..\..\usr\lib\x86_64-linux-gnu\cmake\Qt5Gui\;CMake Files\..\..\..\..\..\..\..\..\..\usr\lib\x86_64-linux-gnu\cmake\Qt5Core\;" />
      <Build>
      <Target title="all">
         <Option working_dir="/home/etud/info/l3info/troperch/Documents/stage/gitStageL3Info/IntergrapheFagique" />
         <Option type="4" />
         <MakeCommands>
            <Build command="/usr/bin/make -f &quot;/home/etud/info/l3info/troperch/Documents/stage/gitStageL3Info/IntergrapheFagique/Makefile&quot;  VERBOSE=1 all" />
            <CompileFile command="/usr/bin/make -f &quot;/home/etud/info/l3info/troperch/Documents/stage/gitStageL3Info/IntergrapheFagique/Makefile&quot;  VERBOSE=1 &quot;$file&quot;" />
            <Clean command="/usr/bin/make -f &quot;/home/etud/info/l3info/troperch/Documents/stage/gitStageL3Info/IntergrapheFagique/Makefile&quot;  VERBOSE=1 clean" />
            <DistClean command="/usr/bin/make -f &quot;/home/etud/info/l3info/troperch/Documents/stage/gitStageL3Info/IntergrapheFagique/Makefile&quot;  VERBOSE=1 clean" />
         </MakeCommands>
      </Target>
      <Target title="NomApp">
         <Option output="/home/etud/info/l3info/troperch/Documents/stage/gitStageL3Info/IntergrapheFagique/NomApp" prefix_auto="0" extension_auto="0" />
         <Option working_dir="/home/etud/info/l3info/troperch/Documents/stage/gitStageL3Info/IntergrapheFagique" />
         <Option object_output="./" />
         <Option type="1" />
         <Option compiler="gcc" />
         <Compiler>
            <Add option="-DQT_WIDGETS_LIB" />
            <Add option="-DQT_GUI_LIB" />
            <Add option="-DQT_CORE_LIB" />
            <Add option="-DQT_NO_DEBUG" />
            <Add directory="/home/etud/info/l3info/troperch/Documents/stage/gitStageL3Info/IntergrapheFagique" />
            <Add directory="/usr/include/qt5" />
            <Add directory="/usr/include/qt5/QtCore" />
            <Add directory="/usr/include/qt5/QtGui" />
            <Add directory="/usr/include/qt5/QtWidgets" />
            <Add directory="/usr/lib/x86_64-linux-gnu/qt5/mkspecs/linux-g++-64" />
         </Compiler>
         <MakeCommands>
            <Build command="/usr/bin/make -f &quot;/home/etud/info/l3info/troperch/Documents/stage/gitStageL3Info/IntergrapheFagique/Makefile&quot;  VERBOSE=1 NomApp" />
            <CompileFile command="/usr/bin/make -f &quot;/home/etud/info/l3info/troperch/Documents/stage/gitStageL3Info/IntergrapheFagique/Makefile&quot;  VERBOSE=1 &quot;$file&quot;" />
            <Clean command="/usr/bin/make -f &quot;/home/etud/info/l3info/troperch/Documents/stage/gitStageL3Info/IntergrapheFagique/Makefile&quot;  VERBOSE=1 clean" />
            <DistClean command="/usr/bin/make -f &quot;/home/etud/info/l3info/troperch/Documents/stage/gitStageL3Info/IntergrapheFagique/Makefile&quot;  VERBOSE=1 clean" />
         </MakeCommands>
      </Target>
      <Target title="NomApp/fast">
         <Option output="/home/etud/info/l3info/troperch/Documents/stage/gitStageL3Info/IntergrapheFagique/NomApp" prefix_auto="0" extension_auto="0" />
         <Option working_dir="/home/etud/info/l3info/troperch/Documents/stage/gitStageL3Info/IntergrapheFagique" />
         <Option object_output="./" />
         <Option type="1" />
         <Option compiler="gcc" />
         <Compiler>
            <Add option="-DQT_WIDGETS_LIB" />
            <Add option="-DQT_GUI_LIB" />
            <Add option="-DQT_CORE_LIB" />
            <Add option="-DQT_NO_DEBUG" />
            <Add directory="/home/etud/info/l3info/troperch/Documents/stage/gitStageL3Info/IntergrapheFagique" />
            <Add directory="/usr/include/qt5" />
            <Add directory="/usr/include/qt5/QtCore" />
            <Add directory="/usr/include/qt5/QtGui" />
            <Add directory="/usr/include/qt5/QtWidgets" />
            <Add directory="/usr/lib/x86_64-linux-gnu/qt5/mkspecs/linux-g++-64" />
         </Compiler>
         <MakeCommands>
            <Build command="/usr/bin/make -f &quot;/home/etud/info/l3info/troperch/Documents/stage/gitStageL3Info/IntergrapheFagique/Makefile&quot;  VERBOSE=1 NomApp/fast" />
            <CompileFile command="/usr/bin/make -f &quot;/home/etud/info/l3info/troperch/Documents/stage/gitStageL3Info/IntergrapheFagique/Makefile&quot;  VERBOSE=1 &quot;$file&quot;" />
            <Clean command="/usr/bin/make -f &quot;/home/etud/info/l3info/troperch/Documents/stage/gitStageL3Info/IntergrapheFagique/Makefile&quot;  VERBOSE=1 clean" />
            <DistClean command="/usr/bin/make -f &quot;/home/etud/info/l3info/troperch/Documents/stage/gitStageL3Info/IntergrapheFagique/Makefile&quot;  VERBOSE=1 clean" />
         </MakeCommands>
      </Target>
      <Target title="NomApp_automoc">
         <Option working_dir="/home/etud/info/l3info/troperch/Documents/stage/gitStageL3Info/IntergrapheFagique" />
         <Option type="4" />
         <MakeCommands>
            <Build command="/usr/bin/make -f &quot;/home/etud/info/l3info/troperch/Documents/stage/gitStageL3Info/IntergrapheFagique/Makefile&quot;  VERBOSE=1 NomApp_automoc" />
            <CompileFile command="/usr/bin/make -f &quot;/home/etud/info/l3info/troperch/Documents/stage/gitStageL3Info/IntergrapheFagique/Makefile&quot;  VERBOSE=1 &quot;$file&quot;" />
            <Clean command="/usr/bin/make -f &quot;/home/etud/info/l3info/troperch/Documents/stage/gitStageL3Info/IntergrapheFagique/Makefile&quot;  VERBOSE=1 clean" />
            <DistClean command="/usr/bin/make -f &quot;/home/etud/info/l3info/troperch/Documents/stage/gitStageL3Info/IntergrapheFagique/Makefile&quot;  VERBOSE=1 clean" />
         </MakeCommands>
      </Target>
      <Target title="install">
         <Option working_dir="/home/etud/info/l3info/troperch/Documents/stage/gitStageL3Info/IntergrapheFagique" />
         <Option type="4" />
         <MakeCommands>
            <Build command="/usr/bin/make -f &quot;/home/etud/info/l3info/troperch/Documents/stage/gitStageL3Info/IntergrapheFagique/Makefile&quot;  VERBOSE=1 install" />
            <CompileFile command="/usr/bin/make -f &quot;/home/etud/info/l3info/troperch/Documents/stage/gitStageL3Info/IntergrapheFagique/Makefile&quot;  VERBOSE=1 &quot;$file&quot;" />
            <Clean command="/usr/bin/make -f &quot;/home/etud/info/l3info/troperch/Documents/stage/gitStageL3Info/IntergrapheFagique/Makefile&quot;  VERBOSE=1 clean" />
            <DistClean command="/usr/bin/make -f &quot;/home/etud/info/l3info/troperch/Documents/stage/gitStageL3Info/IntergrapheFagique/Makefile&quot;  VERBOSE=1 clean" />
         </MakeCommands>
      </Target>
      <Target title="install/local">
         <Option working_dir="/home/etud/info/l3info/troperch/Documents/stage/gitStageL3Info/IntergrapheFagique" />
         <Option type="4" />
         <MakeCommands>
            <Build command="/usr/bin/make -f &quot;/home/etud/info/l3info/troperch/Documents/stage/gitStageL3Info/IntergrapheFagique/Makefile&quot;  VERBOSE=1 install/local" />
            <CompileFile command="/usr/bin/make -f &quot;/home/etud/info/l3info/troperch/Documents/stage/gitStageL3Info/IntergrapheFagique/Makefile&quot;  VERBOSE=1 &quot;$file&quot;" />
            <Clean command="/usr/bin/make -f &quot;/home/etud/info/l3info/troperch/Documents/stage/gitStageL3Info/IntergrapheFagique/Makefile&quot;  VERBOSE=1 clean" />
            <DistClean command="/usr/bin/make -f &quot;/home/etud/info/l3info/troperch/Documents/stage/gitStageL3Info/IntergrapheFagique/Makefile&quot;  VERBOSE=1 clean" />
         </MakeCommands>
      </Target>
      <Target title="install/strip">
         <Option working_dir="/home/etud/info/l3info/troperch/Documents/stage/gitStageL3Info/IntergrapheFagique" />
         <Option type="4" />
         <MakeCommands>
            <Build command="/usr/bin/make -f &quot;/home/etud/info/l3info/troperch/Documents/stage/gitStageL3Info/IntergrapheFagique/Makefile&quot;  VERBOSE=1 install/strip" />
            <CompileFile command="/usr/bin/make -f &quot;/home/etud/info/l3info/troperch/Documents/stage/gitStageL3Info/IntergrapheFagique/Makefile&quot;  VERBOSE=1 &quot;$file&quot;" />
            <Clean command="/usr/bin/make -f &quot;/home/etud/info/l3info/troperch/Documents/stage/gitStageL3Info/IntergrapheFagique/Makefile&quot;  VERBOSE=1 clean" />
            <DistClean command="/usr/bin/make -f &quot;/home/etud/info/l3info/troperch/Documents/stage/gitStageL3Info/IntergrapheFagique/Makefile&quot;  VERBOSE=1 clean" />
         </MakeCommands>
      </Target>
      <Target title="list_install_components">
         <Option working_dir="/home/etud/info/l3info/troperch/Documents/stage/gitStageL3Info/IntergrapheFagique" />
         <Option type="4" />
         <MakeCommands>
            <Build command="/usr/bin/make -f &quot;/home/etud/info/l3info/troperch/Documents/stage/gitStageL3Info/IntergrapheFagique/Makefile&quot;  VERBOSE=1 list_install_components" />
            <CompileFile command="/usr/bin/make -f &quot;/home/etud/info/l3info/troperch/Documents/stage/gitStageL3Info/IntergrapheFagique/Makefile&quot;  VERBOSE=1 &quot;$file&quot;" />
            <Clean command="/usr/bin/make -f &quot;/home/etud/info/l3info/troperch/Documents/stage/gitStageL3Info/IntergrapheFagique/Makefile&quot;  VERBOSE=1 clean" />
            <DistClean command="/usr/bin/make -f &quot;/home/etud/info/l3info/troperch/Documents/stage/gitStageL3Info/IntergrapheFagique/Makefile&quot;  VERBOSE=1 clean" />
         </MakeCommands>
      </Target>
      <Target title="rebuild_cache">
         <Option working_dir="/home/etud/info/l3info/troperch/Documents/stage/gitStageL3Info/IntergrapheFagique" />
         <Option type="4" />
         <MakeCommands>
            <Build command="/usr/bin/make -f &quot;/home/etud/info/l3info/troperch/Documents/stage/gitStageL3Info/IntergrapheFagique/Makefile&quot;  VERBOSE=1 rebuild_cache" />
            <CompileFile command="/usr/bin/make -f &quot;/home/etud/info/l3info/troperch/Documents/stage/gitStageL3Info/IntergrapheFagique/Makefile&quot;  VERBOSE=1 &quot;$file&quot;" />
            <Clean command="/usr/bin/make -f &quot;/home/etud/info/l3info/troperch/Documents/stage/gitStageL3Info/IntergrapheFagique/Makefile&quot;  VERBOSE=1 clean" />
            <DistClean command="/usr/bin/make -f &quot;/home/etud/info/l3info/troperch/Documents/stage/gitStageL3Info/IntergrapheFagique/Makefile&quot;  VERBOSE=1 clean" />
         </MakeCommands>
      </Target>
      </Build>
      <Unit filename="/home/etud/info/l3info/troperch/Documents/stage/gitStageL3Info/IntergrapheFagique/console.cpp">
      </Unit>
      <Unit filename="/home/etud/info/l3info/troperch/Documents/stage/gitStageL3Info/IntergrapheFagique/container.cpp">
      </Unit>
      <Unit filename="/home/etud/info/l3info/troperch/Documents/stage/gitStageL3Info/IntergrapheFagique/main.cpp">
      </Unit>
      <Unit filename="/home/etud/info/l3info/troperch/Documents/stage/gitStageL3Info/IntergrapheFagique/mainwindow.cpp">
      </Unit>
      <Unit filename="/home/etud/info/l3info/troperch/Documents/stage/gitStageL3Info/IntergrapheFagique/widgetajouter.cpp">
      </Unit>
      <Unit filename="/home/etud/info/l3info/troperch/Documents/stage/gitStageL3Info/IntergrapheFagique/widgetnomregle.cpp">
      </Unit>
      <Unit filename="/home/etud/info/l3info/troperch/Documents/stage/gitStageL3Info/IntergrapheFagique/widgetregle.cpp">
      </Unit>
      <Unit filename="/home/etud/info/l3info/troperch/Documents/stage/gitStageL3Info/IntergrapheFagique/widgetregleaxiome.cpp">
      </Unit>
      <Unit filename="/home/etud/info/l3info/troperch/Documents/stage/gitStageL3Info/IntergrapheFagique/widgetregledouble.cpp">
      </Unit>
      <Unit filename="/home/etud/info/l3info/troperch/Documents/stage/gitStageL3Info/IntergrapheFagique/widgetreglesimple.cpp">
      </Unit>
      <Unit filename="/home/etud/info/l3info/troperch/Documents/stage/gitStageL3Info/IntergrapheFagique/widgetsupprimer.cpp">
      </Unit>
      <Unit filename="/home/etud/info/l3info/troperch/Documents/stage/gitStageL3Info/IntergrapheFagique/widgettriplet.cpp">
      </Unit>
      <Unit filename="/home/etud/info/l3info/troperch/Documents/stage/gitStageL3Info/IntergrapheFagique/console.h">
      </Unit>
      <Unit filename="/home/etud/info/l3info/troperch/Documents/stage/gitStageL3Info/IntergrapheFagique/container.h">
      </Unit>
      <Unit filename="/home/etud/info/l3info/troperch/Documents/stage/gitStageL3Info/IntergrapheFagique/mainwindow.h">
      </Unit>
      <Unit filename="/home/etud/info/l3info/troperch/Documents/stage/gitStageL3Info/IntergrapheFagique/widgetajouter.h">
      </Unit>
      <Unit filename="/home/etud/info/l3info/troperch/Documents/stage/gitStageL3Info/IntergrapheFagique/widgetnomregle.h">
      </Unit>
      <Unit filename="/home/etud/info/l3info/troperch/Documents/stage/gitStageL3Info/IntergrapheFagique/widgetregle.h">
      </Unit>
      <Unit filename="/home/etud/info/l3info/troperch/Documents/stage/gitStageL3Info/IntergrapheFagique/widgetregleaxiome.h">
      </Unit>
      <Unit filename="/home/etud/info/l3info/troperch/Documents/stage/gitStageL3Info/IntergrapheFagique/widgetregledouble.h">
      </Unit>
      <Unit filename="/home/etud/info/l3info/troperch/Documents/stage/gitStageL3Info/IntergrapheFagique/widgetreglesimple.h">
      </Unit>
      <Unit filename="/home/etud/info/l3info/troperch/Documents/stage/gitStageL3Info/IntergrapheFagique/widgetsupprimer.h">
      </Unit>
      <Unit filename="/home/etud/info/l3info/troperch/Documents/stage/gitStageL3Info/IntergrapheFagique/widgettriplet.h">
      </Unit>
      <Unit filename="/home/etud/info/l3info/troperch/Documents/stage/gitStageL3Info/IntergrapheFagique/CMakeLists.txt">
          <Option virtualFolder="CMake Files\" />
      </Unit>
      <Unit filename="/home/etud/info/l3info/troperch/Documents/stage/gitStageL3Info/IntergrapheFagique/../../../../../../../../../usr/lib/x86_64-linux-gnu/cmake/Qt5Widgets/Qt5WidgetsConfigVersion.cmake">
          <Option virtualFolder="CMake Files\..\..\..\..\..\..\..\..\..\usr\lib\x86_64-linux-gnu\cmake\Qt5Widgets\" />
      </Unit>
      <Unit filename="/home/etud/info/l3info/troperch/Documents/stage/gitStageL3Info/IntergrapheFagique/../../../../../../../../../usr/lib/x86_64-linux-gnu/cmake/Qt5Widgets/Qt5WidgetsConfig.cmake">
          <Option virtualFolder="CMake Files\..\..\..\..\..\..\..\..\..\usr\lib\x86_64-linux-gnu\cmake\Qt5Widgets\" />
      </Unit>
      <Unit filename="/home/etud/info/l3info/troperch/Documents/stage/gitStageL3Info/IntergrapheFagique/../../../../../../../../../usr/lib/x86_64-linux-gnu/cmake/Qt5Widgets/Qt5WidgetsConfigExtras.cmake">
          <Option virtualFolder="CMake Files\..\..\..\..\..\..\..\..\..\usr\lib\x86_64-linux-gnu\cmake\Qt5Widgets\" />
      </Unit>
      <Unit filename="/home/etud/info/l3info/troperch/Documents/stage/gitStageL3Info/IntergrapheFagique/../../../../../../../../../usr/lib/x86_64-linux-gnu/cmake/Qt5Widgets/Qt5WidgetsMacros.cmake">
          <Option virtualFolder="CMake Files\..\..\..\..\..\..\..\..\..\usr\lib\x86_64-linux-gnu\cmake\Qt5Widgets\" />
      </Unit>
      <Unit filename="/home/etud/info/l3info/troperch/Documents/stage/gitStageL3Info/IntergrapheFagique/../../../../../../../../../usr/lib/x86_64-linux-gnu/cmake/Qt5Gui/Qt5GuiConfigVersion.cmake">
          <Option virtualFolder="CMake Files\..\..\..\..\..\..\..\..\..\usr\lib\x86_64-linux-gnu\cmake\Qt5Gui\" />
      </Unit>
      <Unit filename="/home/etud/info/l3info/troperch/Documents/stage/gitStageL3Info/IntergrapheFagique/../../../../../../../../../usr/lib/x86_64-linux-gnu/cmake/Qt5Gui/Qt5GuiConfig.cmake">
          <Option virtualFolder="CMake Files\..\..\..\..\..\..\..\..\..\usr\lib\x86_64-linux-gnu\cmake\Qt5Gui\" />
      </Unit>
      <Unit filename="/home/etud/info/l3info/troperch/Documents/stage/gitStageL3Info/IntergrapheFagique/../../../../../../../../../usr/lib/x86_64-linux-gnu/cmake/Qt5Gui/Qt5GuiConfigExtras.cmake">
          <Option virtualFolder="CMake Files\..\..\..\..\..\..\..\..\..\usr\lib\x86_64-linux-gnu\cmake\Qt5Gui\" />
      </Unit>
      <Unit filename="/home/etud/info/l3info/troperch/Documents/stage/gitStageL3Info/IntergrapheFagique/../../../../../../../../../usr/lib/x86_64-linux-gnu/cmake/Qt5Gui/Qt5GuiConfigVersion.cmake">
          <Option virtualFolder="CMake Files\..\..\..\..\..\..\..\..\..\usr\lib\x86_64-linux-gnu\cmake\Qt5Gui\" />
      </Unit>
      <Unit filename="/home/etud/info/l3info/troperch/Documents/stage/gitStageL3Info/IntergrapheFagique/../../../../../../../../../usr/lib/x86_64-linux-gnu/cmake/Qt5Gui/Qt5GuiConfig.cmake">
          <Option virtualFolder="CMake Files\..\..\..\..\..\..\..\..\..\usr\lib\x86_64-linux-gnu\cmake\Qt5Gui\" />
      </Unit>
      <Unit filename="/home/etud/info/l3info/troperch/Documents/stage/gitStageL3Info/IntergrapheFagique/../../../../../../../../../usr/lib/x86_64-linux-gnu/cmake/Qt5Core/Qt5CoreConfigVersion.cmake">
          <Option virtualFolder="CMake Files\..\..\..\..\..\..\..\..\..\usr\lib\x86_64-linux-gnu\cmake\Qt5Core\" />
      </Unit>
      <Unit filename="/home/etud/info/l3info/troperch/Documents/stage/gitStageL3Info/IntergrapheFagique/../../../../../../../../../usr/lib/x86_64-linux-gnu/cmake/Qt5Core/Qt5CoreConfig.cmake">
          <Option virtualFolder="CMake Files\..\..\..\..\..\..\..\..\..\usr\lib\x86_64-linux-gnu\cmake\Qt5Core\" />
      </Unit>
      <Unit filename="/home/etud/info/l3info/troperch/Documents/stage/gitStageL3Info/IntergrapheFagique/../../../../../../../../../usr/lib/x86_64-linux-gnu/cmake/Qt5Core/Qt5CoreConfigExtras.cmake">
          <Option virtualFolder="CMake Files\..\..\..\..\..\..\..\..\..\usr\lib\x86_64-linux-gnu\cmake\Qt5Core\" />
      </Unit>
      <Unit filename="/home/etud/info/l3info/troperch/Documents/stage/gitStageL3Info/IntergrapheFagique/../../../../../../../../../usr/lib/x86_64-linux-gnu/cmake/Qt5Core/Qt5CoreConfigExtrasMkspecDir.cmake">
          <Option virtualFolder="CMake Files\..\..\..\..\..\..\..\..\..\usr\lib\x86_64-linux-gnu\cmake\Qt5Core\" />
      </Unit>
      <Unit filename="/home/etud/info/l3info/troperch/Documents/stage/gitStageL3Info/IntergrapheFagique/../../../../../../../../../usr/lib/x86_64-linux-gnu/cmake/Qt5Core/Qt5CoreMacros.cmake">
          <Option virtualFolder="CMake Files\..\..\..\..\..\..\..\..\..\usr\lib\x86_64-linux-gnu\cmake\Qt5Core\" />
      </Unit>
      <Unit filename="/home/etud/info/l3info/troperch/Documents/stage/gitStageL3Info/IntergrapheFagique/../../../../../../../../../usr/lib/x86_64-linux-gnu/cmake/Qt5Core/Qt5CoreConfigVersion.cmake">
          <Option virtualFolder="CMake Files\..\..\..\..\..\..\..\..\..\usr\lib\x86_64-linux-gnu\cmake\Qt5Core\" />
      </Unit>
      <Unit filename="/home/etud/info/l3info/troperch/Documents/stage/gitStageL3Info/IntergrapheFagique/../../../../../../../../../usr/lib/x86_64-linux-gnu/cmake/Qt5Core/Qt5CoreConfig.cmake">
          <Option virtualFolder="CMake Files\..\..\..\..\..\..\..\..\..\usr\lib\x86_64-linux-gnu\cmake\Qt5Core\" />
      </Unit>
   </Project>
</CodeBlocks_project_file>
